
Microsoft Visual Studio Solution File, Format Version 12.00
# Visual Studio 14
VisualStudioVersion = 14.0.24720.0
MinimumVisualStudioVersion = 10.0.40219.1
Project("{8BC9CEB8-8B4A-11D0-8D11-00A0C91BC942}") = "Zad1", "Zad1\Zad1.vcxproj", "{DDCE59A3-18C6-4928-9852-3CF5C6521ABF}"
EndProject
Global
	GlobalSection(SolutionConfigurationPlatforms) = preSolution
		Debug|x64 = Debug|x64
		Debug|x86 = Debug|x86
		Release|x64 = Release|x64
		Release|x86 = Release|x86
	EndGlobalSection
	GlobalSection(ProjectConfigurationPlatforms) = postSolution
		{DDCE59A3-18C6-4928-9852-3CF5C6521ABF}.Debug|x64.ActiveCfg = Debug|x64
		{DDCE59A3-18C6-4928-9852-3CF5C6521ABF}.Debug|x64.Build.0 = Debug|x64
		{DDCE59A3-18C6-4928-9852-3CF5C6521ABF}.Debug|x86.ActiveCfg = Debug|Win32
		{DDCE59A3-18C6-4928-9852-3CF5C6521ABF}.Debug|x86.Build.0 = Debug|Win32
		{DDCE59A3-18C6-4928-9852-3CF5C6521ABF}.Release|x64.ActiveCfg = Release|x64
		{DDCE59A3-18C6-4928-9852-3CF5C6521ABF}.Release|x64.Build.0 = Release|x64
		{DDCE59A3-18C6-4928-9852-3CF5C6521ABF}.Release|x86.ActiveCfg = Release|Win32
		{DDCE59A3-18C6-4928-9852-3CF5C6521ABF}.Release|x86.Build.0 = Release|Win32
	EndGlobalSection
	GlobalSection(SolutionProperties) = preSolution
		HideSolutionNode = FALSE
	EndGlobalSection
EndGlobal
